
Microsoft Visual Studio Solution File, Format Version 12.00
# Visual Studio Version 17
VisualStudioVersion = 17.10.35013.160
MinimumVisualStudioVersion = 10.0.40219.1
Project("{FAE04EC0-301F-11D3-BF4B-00C04F79EFBC}") = "codesphere", "codesphere\codesphere.csproj", "{FE444D31-504E-4188-9D01-327AF79127B1}"
EndProject
Global
	GlobalSection(SolutionConfigurationPlatforms) = preSolution
		Debug|Any CPU = Debug|Any CPU
		Release|Any CPU = Release|Any CPU
	EndGlobalSection
	GlobalSection(ProjectConfigurationPlatforms) = postSolution
		{FE444D31-504E-4188-9D01-327AF79127B1}.Debug|Any CPU.ActiveCfg = Debug|Any CPU
		{FE444D31-504E-4188-9D01-327AF79127B1}.Debug|Any CPU.Build.0 = Debug|Any CPU
		{FE444D31-504E-4188-9D01-327AF79127B1}.Release|Any CPU.ActiveCfg = Release|Any CPU
		{FE444D31-504E-4188-9D01-327AF79127B1}.Release|Any CPU.Build.0 = Release|Any CPU
	EndGlobalSection
	GlobalSection(SolutionProperties) = preSolution
		HideSolutionNode = FALSE
	EndGlobalSection
	GlobalSection(ExtensibilityGlobals) = postSolution
		SolutionGuid = {F0B74888-256D-4515-9E7D-7B928BCDE0C5}
	EndGlobalSection
EndGlobal
